{
  "name": "eds-css",
  "version": "0.0.1",
  "lockfileVersion": 3,
  "requires": true,
  "packages": {
    "": {
      "name": "eds-css",
      "version": "0.0.1",
      "workspaces": [
        "./packages/*"
      ],
      "dependencies": {
        "typescript": "^5.7.3"
      },
      "devDependencies": {
        "@types/node": "^24.2.0"
      }
    },
    "node_modules/@types/node": {
      "version": "24.2.0",
      "resolved": "https://registry.npmjs.org/@types/node/-/node-24.2.0.tgz",
      "integrity": "sha512-3xyG3pMCq3oYCNg7/ZP+E1ooTaGB4cG8JWRsqqOYQdbWNY4zbaV0Ennrd7stjiJEFZCaybcIgpTjJWHRfBSIDw==",
      "dev": true,
      "license": "MIT",
      "dependencies": {
        "undici-types": "~7.10.0"
      }
    },
    "node_modules/typescript": {
      "version": "5.7.3",
      "resolved": "https://registry.npmjs.org/typescript/-/typescript-5.7.3.tgz",
      "integrity": "sha512-84MVSjMEHP+FQRPy3pX9sTVV/INIex71s9TL2Gm5FG/WG1SqXeKyZ0k7/blY/4FdOzI12CBy1vGc4og/eus0fw==",
      "license": "Apache-2.0",
      "bin": {
        "tsc": "bin/tsc",
        "tsserver": "bin/tsserver"
      },
      "engines": {
        "node": ">=14.17"
      }
    },
    "node_modules/undici-types": {
      "version": "7.10.0",
      "resolved": "https://registry.npmjs.org/undici-types/-/undici-types-7.10.0.tgz",
      "integrity": "sha512-t5Fy/nfn+14LuOc2KNYg75vZqClpAiqscVvMygNnlsHBFpSXdJaYtXMcdNLpl/Qvc3P2cB3s6lOV51nqsFq4ag==",
      "dev": true,
      "license": "MIT"
    },
    "packages/components": {
      "version": "1.0.0",
      "extraneous": true,
      "license": "ISC",
      "dependencies": {
        "@equinor/eds-core-react": "^0.42.5",
        "@equinor/eds-icons": "^0.22.0",
        "@equinor/eds-tokens": "^1.0.0-beta.5",
        "@equinor/eds-utils": "^0.8.5",
        "@types/react": "^18.3.18",
        "@types/react-dom": "^18.3.5",
        "react": "^18.3.1",
        "react-dom": "^18.3.1",
        "styled-components": "^6.1.14"
      },
      "devDependencies": {
        "@chromatic-com/storybook": "^4.1.0",
        "@storybook/addon-docs": "^9.1.2",
        "@storybook/addon-links": "^9.1.2",
        "@storybook/addon-onboarding": "^9.1.2",
        "@storybook/react-vite": "^9.1.2",
        "prop-types": "^15.8.1",
        "storybook": "^9.1.2"
      }
    }
  }
}
